
Microsoft Visual Studio Solution File, Format Version 9.00
# Visual Studio 2005
Project("{FAE04EC0-301F-11D3-BF4B-00C04F79EFBC}") = "Clase Peso", "Clase Peso\Clase Peso.csproj", "{75B79843-35C5-4F01-AFB4-09EA0826CC67}"
EndProject
Global
	GlobalSection(SolutionConfigurationPlatforms) = preSolution
		Debug|Any CPU = Debug|Any CPU
		Release|Any CPU = Release|Any CPU
	EndGlobalSection
	GlobalSection(ProjectConfigurationPlatforms) = postSolution
		{75B79843-35C5-4F01-AFB4-09EA0826CC67}.Debug|Any CPU.ActiveCfg = Debug|Any CPU
		{75B79843-35C5-4F01-AFB4-09EA0826CC67}.Debug|Any CPU.Build.0 = Debug|Any CPU
		{75B79843-35C5-4F01-AFB4-09EA0826CC67}.Release|Any CPU.ActiveCfg = Release|Any CPU
		{75B79843-35C5-4F01-AFB4-09EA0826CC67}.Release|Any CPU.Build.0 = Release|Any CPU
	EndGlobalSection
	GlobalSection(SolutionProperties) = preSolution
		HideSolutionNode = FALSE
	EndGlobalSection
EndGlobal
