Microsoft Visual Studio Solution File, Format Version 9.00
# Visual Studio 2005
Project("{FAE04EC0-301F-11D3-BF4B-00C04F79EFBC}") = "Cuenta Bancaria", "Cuenta Bancaria.csproj", "{C121CCF3-CD13-4288-BA90-BD5B874E8D1A}"
EndProject
Global
	GlobalSection(SolutionConfigurationPlatforms) = preSolution
		Debug|Any CPU = Debug|Any CPU
		Release|Any CPU = Release|Any CPU
	EndGlobalSection
	GlobalSection(ProjectConfigurationPlatforms) = postSolution
		{C121CCF3-CD13-4288-BA90-BD5B874E8D1A}.Debug|Any CPU.ActiveCfg = Debug|Any CPU
		{C121CCF3-CD13-4288-BA90-BD5B874E8D1A}.Debug|Any CPU.Build.0 = Debug|Any CPU
		{C121CCF3-CD13-4288-BA90-BD5B874E8D1A}.Release|Any CPU.ActiveCfg = Release|Any CPU
		{C121CCF3-CD13-4288-BA90-BD5B874E8D1A}.Release|Any CPU.Build.0 = Release|Any CPU
	EndGlobalSection
	GlobalSection(SolutionProperties) = preSolution
		HideSolutionNode = FALSE
	EndGlobalSection
EndGlobal
